
Microsoft Visual Studio Solution File, Format Version 12.00
# Visual Studio 14
VisualStudioVersion = 14.0.25123.0
MinimumVisualStudioVersion = 10.0.40219.1
Project("{FAE04EC0-301F-11D3-BF4B-00C04F79EFBC}") = "Lesson01", "COMP123-Programming2-Cencol-S2016\Lesson01.csproj", "{A97810CE-3413-4315-92F8-D352E3E59123}"
EndProject
Project("{FAE04EC0-301F-11D3-BF4B-00C04F79EFBC}") = "Lesson01_HelloWorldTest", "Lesson01_HelloWorldTest\Lesson01_HelloWorldTest.csproj", "{66840F90-2213-4585-9FC2-EBECA64E02EE}"
EndProject
Project("{FAE04EC0-301F-11D3-BF4B-00C04F79EFBC}") = "Lesson02-PartB", "Lesson02-PartB\Lesson02-PartB.csproj", "{74723F31-4262-4ACC-83A0-1F7922015347}"
EndProject
Global
	GlobalSection(SolutionConfigurationPlatforms) = preSolution
		Debug|Any CPU = Debug|Any CPU
		Release|Any CPU = Release|Any CPU
	EndGlobalSection
	GlobalSection(ProjectConfigurationPlatforms) = postSolution
		{A97810CE-3413-4315-92F8-D352E3E59123}.Debug|Any CPU.ActiveCfg = Debug|Any CPU
		{A97810CE-3413-4315-92F8-D352E3E59123}.Debug|Any CPU.Build.0 = Debug|Any CPU
		{A97810CE-3413-4315-92F8-D352E3E59123}.Release|Any CPU.ActiveCfg = Release|Any CPU
		{A97810CE-3413-4315-92F8-D352E3E59123}.Release|Any CPU.Build.0 = Release|Any CPU
		{66840F90-2213-4585-9FC2-EBECA64E02EE}.Debug|Any CPU.ActiveCfg = Debug|Any CPU
		{66840F90-2213-4585-9FC2-EBECA64E02EE}.Debug|Any CPU.Build.0 = Debug|Any CPU
		{66840F90-2213-4585-9FC2-EBECA64E02EE}.Release|Any CPU.ActiveCfg = Release|Any CPU
		{66840F90-2213-4585-9FC2-EBECA64E02EE}.Release|Any CPU.Build.0 = Release|Any CPU
		{74723F31-4262-4ACC-83A0-1F7922015347}.Debug|Any CPU.ActiveCfg = Debug|Any CPU
		{74723F31-4262-4ACC-83A0-1F7922015347}.Debug|Any CPU.Build.0 = Debug|Any CPU
		{74723F31-4262-4ACC-83A0-1F7922015347}.Release|Any CPU.ActiveCfg = Release|Any CPU
		{74723F31-4262-4ACC-83A0-1F7922015347}.Release|Any CPU.Build.0 = Release|Any CPU
	EndGlobalSection
	GlobalSection(SolutionProperties) = preSolution
		HideSolutionNode = FALSE
	EndGlobalSection
EndGlobal
