
Microsoft Visual Studio Solution File, Format Version 12.00
# Visual Studio 14
VisualStudioVersion = 14.0.25123.0
MinimumVisualStudioVersion = 10.0.40219.1
Project("{FAE04EC0-301F-11D3-BF4B-00C04F79EFBC}") = "Lesson01", "COMP123-Programming2-Cencol-S2016\Lesson01.csproj", "{A97810CE-3413-4315-92F8-D352E3E59123}"
EndProject
Project("{FAE04EC0-301F-11D3-BF4B-00C04F79EFBC}") = "Lesson01_HelloWorldTest", "Lesson01_HelloWorldTest\Lesson01_HelloWorldTest.csproj", "{66840F90-2213-4585-9FC2-EBECA64E02EE}"
EndProject
Project("{FAE04EC0-301F-11D3-BF4B-00C04F79EFBC}") = "Lesson01-PartB", "Lesson02-PartB\Lesson01-PartB.csproj", "{74723F31-4262-4ACC-83A0-1F7922015347}"
EndProject
Project("{FAE04EC0-301F-11D3-BF4B-00C04F79EFBC}") = "Lesson01-PartBUnitTest", "Lesson01-PartBUnitTest\Lesson01-PartBUnitTest.csproj", "{56218759-30D5-47E3-A145-3E2F5931BF66}"
EndProject
Project("{FAE04EC0-301F-11D3-BF4B-00C04F79EFBC}") = "Lesson02", "Lesson02\Lesson02.csproj", "{6BB3E863-2D19-4DC0-BA01-94220F0BA2AD}"
EndProject
Project("{FAE04EC0-301F-11D3-BF4B-00C04F79EFBC}") = "Lesson02UnitTest", "Lesson01UnitTest\Lesson02UnitTest.csproj", "{1EE45702-0C18-49BF-9A56-57F9AB59ECC6}"
EndProject
Project("{FAE04EC0-301F-11D3-BF4B-00C04F79EFBC}") = "Lesson03", "Lesson03\Lesson03.csproj", "{1BB9C68F-A6C9-4D1C-A931-14988523BB03}"
EndProject
Global
	GlobalSection(SolutionConfigurationPlatforms) = preSolution
		Debug|Any CPU = Debug|Any CPU
		Release|Any CPU = Release|Any CPU
	EndGlobalSection
	GlobalSection(ProjectConfigurationPlatforms) = postSolution
		{A97810CE-3413-4315-92F8-D352E3E59123}.Debug|Any CPU.ActiveCfg = Debug|Any CPU
		{A97810CE-3413-4315-92F8-D352E3E59123}.Debug|Any CPU.Build.0 = Debug|Any CPU
		{A97810CE-3413-4315-92F8-D352E3E59123}.Release|Any CPU.ActiveCfg = Release|Any CPU
		{A97810CE-3413-4315-92F8-D352E3E59123}.Release|Any CPU.Build.0 = Release|Any CPU
		{66840F90-2213-4585-9FC2-EBECA64E02EE}.Debug|Any CPU.ActiveCfg = Debug|Any CPU
		{66840F90-2213-4585-9FC2-EBECA64E02EE}.Debug|Any CPU.Build.0 = Debug|Any CPU
		{66840F90-2213-4585-9FC2-EBECA64E02EE}.Release|Any CPU.ActiveCfg = Release|Any CPU
		{66840F90-2213-4585-9FC2-EBECA64E02EE}.Release|Any CPU.Build.0 = Release|Any CPU
		{74723F31-4262-4ACC-83A0-1F7922015347}.Debug|Any CPU.ActiveCfg = Debug|Any CPU
		{74723F31-4262-4ACC-83A0-1F7922015347}.Debug|Any CPU.Build.0 = Debug|Any CPU
		{74723F31-4262-4ACC-83A0-1F7922015347}.Release|Any CPU.ActiveCfg = Release|Any CPU
		{74723F31-4262-4ACC-83A0-1F7922015347}.Release|Any CPU.Build.0 = Release|Any CPU
		{56218759-30D5-47E3-A145-3E2F5931BF66}.Debug|Any CPU.ActiveCfg = Debug|Any CPU
		{56218759-30D5-47E3-A145-3E2F5931BF66}.Debug|Any CPU.Build.0 = Debug|Any CPU
		{56218759-30D5-47E3-A145-3E2F5931BF66}.Release|Any CPU.ActiveCfg = Release|Any CPU
		{56218759-30D5-47E3-A145-3E2F5931BF66}.Release|Any CPU.Build.0 = Release|Any CPU
		{6BB3E863-2D19-4DC0-BA01-94220F0BA2AD}.Debug|Any CPU.ActiveCfg = Debug|Any CPU
		{6BB3E863-2D19-4DC0-BA01-94220F0BA2AD}.Debug|Any CPU.Build.0 = Debug|Any CPU
		{6BB3E863-2D19-4DC0-BA01-94220F0BA2AD}.Release|Any CPU.ActiveCfg = Release|Any CPU
		{6BB3E863-2D19-4DC0-BA01-94220F0BA2AD}.Release|Any CPU.Build.0 = Release|Any CPU
		{1EE45702-0C18-49BF-9A56-57F9AB59ECC6}.Debug|Any CPU.ActiveCfg = Debug|Any CPU
		{1EE45702-0C18-49BF-9A56-57F9AB59ECC6}.Debug|Any CPU.Build.0 = Debug|Any CPU
		{1EE45702-0C18-49BF-9A56-57F9AB59ECC6}.Release|Any CPU.ActiveCfg = Release|Any CPU
		{1EE45702-0C18-49BF-9A56-57F9AB59ECC6}.Release|Any CPU.Build.0 = Release|Any CPU
		{1BB9C68F-A6C9-4D1C-A931-14988523BB03}.Debug|Any CPU.ActiveCfg = Debug|Any CPU
		{1BB9C68F-A6C9-4D1C-A931-14988523BB03}.Debug|Any CPU.Build.0 = Debug|Any CPU
		{1BB9C68F-A6C9-4D1C-A931-14988523BB03}.Release|Any CPU.ActiveCfg = Release|Any CPU
		{1BB9C68F-A6C9-4D1C-A931-14988523BB03}.Release|Any CPU.Build.0 = Release|Any CPU
	EndGlobalSection
	GlobalSection(SolutionProperties) = preSolution
		HideSolutionNode = FALSE
	EndGlobalSection
EndGlobal
